{
  "name": "letterpress-mcts",
  "version": "1.0.0",
  "lockfileVersion": 1,
  "requires": true,
  "dependencies": {
    "2d-board": {
      "version": "2.0.1",
      "resolved": "https://registry.npmjs.org/2d-board/-/2d-board-2.0.1.tgz",
      "integrity": "sha1-ArOzdnOqaUZlfTq8FD2+aJVqdqs="
    },
    "@babel/parser": {
      "version": "7.20.5",
      "resolved": "https://registry.npmjs.org/@babel/parser/-/parser-7.20.5.tgz",
      "integrity": "sha512-r27t/cy/m9uKLXQNWWebeCUHgnAZq0CpG1OwKRxzJMP1vpSU4bSIK2hq+/cp0bQxetkXx38n09rNu8jVkcK/zA==",
      "dev": true
    },
    "@types/linkify-it": {
      "version": "3.0.2",
      "resolved": "https://registry.npmjs.org/@types/linkify-it/-/linkify-it-3.0.2.tgz",
      "integrity": "sha512-HZQYqbiFVWufzCwexrvh694SOim8z2d+xJl5UNamcvQFejLY/2YUtzXHYi3cHdI7PMlS8ejH2slRAOJQ32aNbA==",
      "dev": true
    },
    "@types/markdown-it": {
      "version": "12.2.3",
      "resolved": "https://registry.npmjs.org/@types/markdown-it/-/markdown-it-12.2.3.tgz",
      "integrity": "sha512-GKMHFfv3458yYy+v/N8gjufHO6MSZKCOXpZc5GXIWWy8uldwfmPn98vp81gZ5f9SVw8YYBctgfJ22a2d7AOMeQ==",
      "dev": true,
      "requires": {
        "@types/linkify-it": "*",
        "@types/mdurl": "*"
      }
    },
    "@types/mdurl": {
      "version": "1.0.2",
      "resolved": "https://registry.npmjs.org/@types/mdurl/-/mdurl-1.0.2.tgz",
      "integrity": "sha512-eC4U9MlIcu2q0KQmXszyn5Akca/0jrQmwDRgpAMJai7qBWq4amIQhZyNau4VYGtCeALvW1/NtjzJJ567aZxfKA==",
      "dev": true
    },
    "accepts": {
      "version": "1.3.8",
      "resolved": "https://registry.npmjs.org/accepts/-/accepts-1.3.8.tgz",
      "integrity": "sha512-PYAthTa2m2VKxuvSD3DPC/Gy+U+sOA1LAuT8mkmRuvw+NACSaeXEQ+NHcVF7rONl6qcaxV3Uuemwawk+7+SJLw==",
      "requires": {
        "mime-types": "~2.1.34",
        "negotiator": "0.6.3"
      }
    },
    "argparse": {
      "version": "2.0.1",
      "resolved": "https://registry.npmjs.org/argparse/-/argparse-2.0.1.tgz",
      "integrity": "sha512-8+9WqebbFzpX9OR+Wa6O29asIogeRMzcGtAINdpMHHyAg10f05aSFVBbcEqGf/PXw1EjAZ+q2/bEBg3DvurK3Q==",
      "dev": true
    },
    "array-flatten": {
      "version": "1.1.1",
      "resolved": "https://registry.npmjs.org/array-flatten/-/array-flatten-1.1.1.tgz",
      "integrity": "sha512-PCVAQswWemu6UdxsDFFX/+gVeYqKAod3D3UVm91jHwynguOwAvYPhx8nNlM++NqRcK6CxxpUafjmhIdKiHibqg=="
    },
    "backbone": {
      "version": "1.3.3",
      "resolved": "https://registry.npmjs.org/backbone/-/backbone-1.3.3.tgz",
      "integrity": "sha1-TMgOp8sWMaxHSInOQPL4vGg7KZk=",
      "requires": {
        "underscore": "1.8.3"
      }
    },
    "balanced-match": {
      "version": "1.0.2",
      "resolved": "https://registry.npmjs.org/balanced-match/-/balanced-match-1.0.2.tgz",
      "integrity": "sha512-3oSeUO0TMV67hN1AmbXsK4yaqU7tjiHlbxRDZOpH0KW9+CeX4bRAaX0Anxt0tx2MrpRpWwQaPwIlISEJhYU5Pw==",
      "dev": true
    },
    "bluebird": {
      "version": "3.7.2",
      "resolved": "https://registry.npmjs.org/bluebird/-/bluebird-3.7.2.tgz",
      "integrity": "sha512-XpNj6GDQzdfW+r2Wnn7xiSAd7TM3jzkxGXBGTtWKuSXv1xUV+azxAm8jdWZN06QTQk+2N2XB9jRDkvbmQmcRtg==",
      "dev": true
    },
    "body-parser": {
      "version": "1.20.1",
      "resolved": "https://registry.npmjs.org/body-parser/-/body-parser-1.20.1.tgz",
      "integrity": "sha512-jWi7abTbYwajOytWCQc37VulmWiRae5RyTpaCyDcS5/lMdtwSz5lOpDE67srw/HYe35f1z3fDQw+3txg7gNtWw==",
      "requires": {
        "bytes": "3.1.2",
        "content-type": "~1.0.4",
        "debug": "2.6.9",
        "depd": "2.0.0",
        "destroy": "1.2.0",
        "http-errors": "2.0.0",
        "iconv-lite": "0.4.24",
        "on-finished": "2.4.1",
        "qs": "6.11.0",
        "raw-body": "2.5.1",
        "type-is": "~1.6.18",
        "unpipe": "1.0.0"
      }
    },
    "brace-expansion": {
      "version": "1.1.11",
      "resolved": "https://registry.npmjs.org/brace-expansion/-/brace-expansion-1.1.11.tgz",
      "integrity": "sha512-iCuPHDFgrHX7H2vEI/5xpz07zSHB00TpugqhmYtVmMO6518mCuRMoOYFldEBl0g187ufozdaHgWKcYFb61qGiA==",
      "dev": true,
      "requires": {
        "balanced-match": "^1.0.0",
        "concat-map": "0.0.1"
      }
    },
    "browser-stdout": {
      "version": "1.3.0",
      "resolved": "https://registry.npmjs.org/browser-stdout/-/browser-stdout-1.3.0.tgz",
      "integrity": "sha512-7Rfk377tpSM9TWBEeHs0FlDZGoAIei2V/4MdZJoFMBFAK6BqLpxAIUepGRHGdPFgGsLb02PXovC4qddyHvQqTg==",
      "dev": true
    },
    "bytes": {
      "version": "3.1.2",
      "resolved": "https://registry.npmjs.org/bytes/-/bytes-3.1.2.tgz",
      "integrity": "sha512-/Nf7TyzTx6S3yRJObOAV7956r8cr2+Oj8AC5dt8wSP3BQAoeX58NoHyCU8P8zGkNXStjTSi6fzO6F0pBdcYbEg=="
    },
    "call-bind": {
      "version": "1.0.2",
      "resolved": "https://registry.npmjs.org/call-bind/-/call-bind-1.0.2.tgz",
      "integrity": "sha512-7O+FbCihrB5WGbFYesctwmTKae6rOiIzmz1icreWJ+0aA7LJfuqhEso2T9ncpcFtzMQtzXf2QGGueWJGTYsqrA==",
      "requires": {
        "function-bind": "^1.1.1",
        "get-intrinsic": "^1.0.2"
      }
    },
    "catharsis": {
      "version": "0.9.0",
      "resolved": "https://registry.npmjs.org/catharsis/-/catharsis-0.9.0.tgz",
      "integrity": "sha512-prMTQVpcns/tzFgFVkVp6ak6RykZyWb3gu8ckUpd6YkTlacOd3DXGJjIpD4Q6zJirizvaiAjSSHlOsA+6sNh2A==",
      "dev": true,
      "requires": {
        "lodash": "^4.17.15"
      }
    },
    "collections": {
      "version": "5.0.7",
      "resolved": "https://registry.npmjs.org/collections/-/collections-5.0.7.tgz",
      "integrity": "sha1-NH54v+mdPlo4ZLbf3HvOTkAcvlQ=",
      "requires": {
        "weak-map": "1.0.5"
      }
    },
    "commander": {
      "version": "2.11.0",
      "resolved": "https://registry.npmjs.org/commander/-/commander-2.11.0.tgz",
      "integrity": "sha512-b0553uYA5YAEGgyYIGYROzKQ7X5RAqedkfjiZxwi0kL1g3bOaBNNZfYkzt/CL0umgD5wc9Jec2FbB98CjkMRvQ==",
      "dev": true
    },
    "concat-map": {
      "version": "0.0.1",
      "resolved": "https://registry.npmjs.org/concat-map/-/concat-map-0.0.1.tgz",
      "integrity": "sha512-/Srv4dswyQNBfohGpz9o6Yb3Gz3SrUDqBH5rTuhGR7ahtlbYKnVxw2bCFMRljaA7EXHaXZ8wsHdodFvbkhKmqg==",
      "dev": true
    },
    "content-disposition": {
      "version": "0.5.4",
      "resolved": "https://registry.npmjs.org/content-disposition/-/content-disposition-0.5.4.tgz",
      "integrity": "sha512-FveZTNuGw04cxlAiWbzi6zTAL/lhehaWbTtgluJh4/E95DqMwTmha3KZN1aAWA8cFIhHzMZUvLevkw5Rqk+tSQ==",
      "requires": {
        "safe-buffer": "5.2.1"
      }
    },
    "content-type": {
      "version": "1.0.4",
      "resolved": "https://registry.npmjs.org/content-type/-/content-type-1.0.4.tgz",
      "integrity": "sha512-hIP3EEPs8tB9AT1L+NUqtwOAps4mk2Zob89MWXMHjHWg9milF/j4osnnQLXBCBFBk/tvIG/tUc9mOUJiPBhPXA=="
    },
    "cookie": {
      "version": "0.5.0",
      "resolved": "https://registry.npmjs.org/cookie/-/cookie-0.5.0.tgz",
      "integrity": "sha512-YZ3GUyn/o8gfKJlnlX7g7xq4gyO6OSuhGPKaaGssGB2qgDUS0gPgtTvoyZLTt9Ab6dC4hfc9dV5arkvc/OCmrw=="
    },
    "cookie-signature": {
      "version": "1.0.6",
      "resolved": "https://registry.npmjs.org/cookie-signature/-/cookie-signature-1.0.6.tgz",
      "integrity": "sha512-QADzlaHc8icV8I7vbaJXJwod9HWYp8uCqf1xa4OfNu1T7JVxQIrUgOWtHdNDtPiywmFbiS12VjotIXLrKM3orQ=="
    },
    "debug": {
      "version": "2.6.9",
      "resolved": "https://registry.npmjs.org/debug/-/debug-2.6.9.tgz",
      "integrity": "sha512-bC7ElrdJaJnPbAP+1EotYvqZsb3ecl5wi6Bfi6BJTUcNowp6cvspg0jXznRTKDjm/E7AdgFBVeAPVMNcKGsHMA==",
      "requires": {
        "ms": "2.0.0"
      }
    },
    "depd": {
      "version": "2.0.0",
      "resolved": "https://registry.npmjs.org/depd/-/depd-2.0.0.tgz",
      "integrity": "sha512-g7nH6P6dyDioJogAAGprGpCtVImJhpPk/roCzdb3fIh61/s/nPsfR6onyMwkCAR/OlC3yBC0lESvUoQEAssIrw=="
    },
    "destroy": {
      "version": "1.2.0",
      "resolved": "https://registry.npmjs.org/destroy/-/destroy-1.2.0.tgz",
      "integrity": "sha512-2sJGJTaXIIaR1w4iJSNoN0hnMY7Gpc/n8D4qSCJw8QqFWXf7cuAgnEHxBpweaVcPevC2l3KpjYCx3NypQQgaJg=="
    },
    "dictionatrie": {
      "version": "1.2.0",
      "resolved": "https://registry.npmjs.org/dictionatrie/-/dictionatrie-1.2.0.tgz",
      "integrity": "sha512-sZAQMiKSyffW2RlfF1P/8BurFCTD2+oVrgbphL2SmQI0sFNTWWOPXpK0SeJGkkVbOTfDyKUVIIr07eTOtwnEaw=="
    },
    "diff": {
      "version": "3.3.1",
      "resolved": "https://registry.npmjs.org/diff/-/diff-3.3.1.tgz",
      "integrity": "sha512-MKPHZDMB0o6yHyDryUOScqZibp914ksXwAMYMTHj6KO8UeKsRYNJD3oNCKjTqZon+V488P7N/HzXF8t7ZR95ww==",
      "dev": true
    },
    "dsjslib": {
      "version": "0.6.14",
      "resolved": "https://registry.npmjs.org/dsjslib/-/dsjslib-0.6.14.tgz",
      "integrity": "sha1-tkaGY4Y22nXdctARWPe2GeVCmk8="
    },
    "ee-first": {
      "version": "1.1.1",
      "resolved": "https://registry.npmjs.org/ee-first/-/ee-first-1.1.1.tgz",
      "integrity": "sha512-WMwm9LhRUo+WUaRN+vRuETqG89IgZphVSNkdFgeb6sS/E4OrDIN7t48CAewSHXc6C8lefD8KKfr5vY61brQlow=="
    },
    "encodeurl": {
      "version": "1.0.2",
      "resolved": "https://registry.npmjs.org/encodeurl/-/encodeurl-1.0.2.tgz",
      "integrity": "sha512-TPJXq8JqFaVYm2CWmPvnP2Iyo4ZSM7/QKcSmuMLDObfpH5fi7RUGmd/rTDf+rut/saiDiQEeVTNgAmJEdAOx0w=="
    },
    "entities": {
      "version": "2.1.0",
      "resolved": "https://registry.npmjs.org/entities/-/entities-2.1.0.tgz",
      "integrity": "sha512-hCx1oky9PFrJ611mf0ifBLBRW8lUUVRlFolb5gWRfIELabBlbp9xZvrqZLZAs+NxFnbfQoeGd8wDkygjg7U85w==",
      "dev": true
    },
    "escape-html": {
      "version": "1.0.3",
      "resolved": "https://registry.npmjs.org/escape-html/-/escape-html-1.0.3.tgz",
      "integrity": "sha512-NiSupZ4OeuGwr68lGIeym/ksIZMJodUGOSCZ/FSnTxcrekbvqrgdUxlJOMpijaKZVjAJrWrGs/6Jy8OMuyj9ow=="
    },
    "escape-string-regexp": {
      "version": "2.0.0",
      "resolved": "https://registry.npmjs.org/escape-string-regexp/-/escape-string-regexp-2.0.0.tgz",
      "integrity": "sha512-UpzcLCXolUWcNu5HtVMHYdXJjArjsF9C0aNnquZYY4uW/Vu0miy5YoWvbV345HauVvcAUnpRuhMMcqTcGOY2+w==",
      "dev": true
    },
    "etag": {
      "version": "1.8.1",
      "resolved": "https://registry.npmjs.org/etag/-/etag-1.8.1.tgz",
      "integrity": "sha512-aIL5Fx7mawVa300al2BnEE4iNvo1qETxLrPI/o05L7z6go7fCw1J6EQmbK4FmJ2AS7kgVF/KEZWufBfdClMcPg=="
    },
    "express": {
      "version": "4.18.2",
      "resolved": "https://registry.npmjs.org/express/-/express-4.18.2.tgz",
      "integrity": "sha512-5/PsL6iGPdfQ/lKM1UuielYgv3BUoJfz1aUwU9vHZ+J7gyvwdQXFEBIEIaxeGf0GIcreATNyBExtalisDbuMqQ==",
      "requires": {
        "accepts": "~1.3.8",
        "array-flatten": "1.1.1",
        "body-parser": "1.20.1",
        "content-disposition": "0.5.4",
        "content-type": "~1.0.4",
        "cookie": "0.5.0",
        "cookie-signature": "1.0.6",
        "debug": "2.6.9",
        "depd": "2.0.0",
        "encodeurl": "~1.0.2",
        "escape-html": "~1.0.3",
        "etag": "~1.8.1",
        "finalhandler": "1.2.0",
        "fresh": "0.5.2",
        "http-errors": "2.0.0",
        "merge-descriptors": "1.0.1",
        "methods": "~1.1.2",
        "on-finished": "2.4.1",
        "parseurl": "~1.3.3",
        "path-to-regexp": "0.1.7",
        "proxy-addr": "~2.0.7",
        "qs": "6.11.0",
        "range-parser": "~1.2.1",
        "safe-buffer": "5.2.1",
        "send": "0.18.0",
        "serve-static": "1.15.0",
        "setprototypeof": "1.2.0",
        "statuses": "2.0.1",
        "type-is": "~1.6.18",
        "utils-merge": "1.0.1",
        "vary": "~1.1.2"
      }
    },
    "finalhandler": {
      "version": "1.2.0",
      "resolved": "https://registry.npmjs.org/finalhandler/-/finalhandler-1.2.0.tgz",
      "integrity": "sha512-5uXcUVftlQMFnWC9qu/svkWv3GTd2PfUhK/3PLkYNAe7FbqJMt3515HaxE6eRL74GdsriiwujiawdaB1BpEISg==",
      "requires": {
        "debug": "2.6.9",
        "encodeurl": "~1.0.2",
        "escape-html": "~1.0.3",
        "on-finished": "2.4.1",
        "parseurl": "~1.3.3",
        "statuses": "2.0.1",
        "unpipe": "~1.0.0"
      }
    },
    "forwarded": {
      "version": "0.2.0",
      "resolved": "https://registry.npmjs.org/forwarded/-/forwarded-0.2.0.tgz",
      "integrity": "sha512-buRG0fpBtRHSTCOASe6hD258tEubFoRLb4ZNA6NxMVHNw2gOcwHo9wyablzMzOA5z9xA9L1KNjk/Nt6MT9aYow=="
    },
    "fresh": {
      "version": "0.5.2",
      "resolved": "https://registry.npmjs.org/fresh/-/fresh-0.5.2.tgz",
      "integrity": "sha512-zJ2mQYM18rEFOudeV4GShTGIQ7RbzA7ozbU9I/XBpm7kqgMywgmylMwXHxZJmkVoYkna9d2pVXVXPdYTP9ej8Q=="
    },
    "fs.realpath": {
      "version": "1.0.0",
      "resolved": "https://registry.npmjs.org/fs.realpath/-/fs.realpath-1.0.0.tgz",
      "integrity": "sha512-OO0pH2lK6a0hZnAdau5ItzHPI6pUlvI7jMVnxUQRtw4owF2wk8lOSabtGDCTP4Ggrg2MbGnWO9X8K1t4+fGMDw==",
      "dev": true
    },
    "function-bind": {
      "version": "1.1.1",
      "resolved": "https://registry.npmjs.org/function-bind/-/function-bind-1.1.1.tgz",
      "integrity": "sha512-yIovAzMX49sF8Yl58fSCWJ5svSLuaibPxXQJFLmBObTuCr0Mf1KiPopGM9NiFjiYBCbfaa2Fh6breQ6ANVTI0A=="
    },
    "get-intrinsic": {
      "version": "1.1.3",
      "resolved": "https://registry.npmjs.org/get-intrinsic/-/get-intrinsic-1.1.3.tgz",
      "integrity": "sha512-QJVz1Tj7MS099PevUG5jvnt9tSkXN8K14dxQlikJuPt4uD9hHAHjLyLBiLR5zELelBdD9QNRAXZzsJx0WaDL9A==",
      "requires": {
        "function-bind": "^1.1.1",
        "has": "^1.0.3",
        "has-symbols": "^1.0.3"
      }
    },
    "glob": {
      "version": "7.1.2",
      "resolved": "https://registry.npmjs.org/glob/-/glob-7.1.2.tgz",
      "integrity": "sha512-MJTUg1kjuLeQCJ+ccE4Vpa6kKVXkPYJ2mOCQyUuKLcLQsdrMCpBPUi8qVE6+YuaJkozeA9NusTAw3hLr8Xe5EQ==",
      "dev": true,
      "requires": {
        "fs.realpath": "^1.0.0",
        "inflight": "^1.0.4",
        "inherits": "2",
        "minimatch": "^3.0.4",
        "once": "^1.3.0",
        "path-is-absolute": "^1.0.0"
      }
    },
    "graceful-fs": {
      "version": "4.2.10",
      "resolved": "https://registry.npmjs.org/graceful-fs/-/graceful-fs-4.2.10.tgz",
      "integrity": "sha512-9ByhssR2fPVsNZj478qUUbKfmL0+t5BDVyjShtyZZLiK7ZDAArFFfopyOTj0M05wE2tJPisA4iTnnXl2YoPvOA==",
      "dev": true
    },
    "growl": {
      "version": "1.10.3",
      "resolved": "https://registry.npmjs.org/growl/-/growl-1.10.3.tgz",
      "integrity": "sha512-hKlsbA5Vu3xsh1Cg3J7jSmX/WaW6A5oBeqzM88oNbCRQFz+zUaXm6yxS4RVytp1scBoJzSYl4YAEOQIt6O8V1Q==",
      "dev": true
    },
    "has": {
      "version": "1.0.3",
      "resolved": "https://registry.npmjs.org/has/-/has-1.0.3.tgz",
      "integrity": "sha512-f2dvO0VU6Oej7RkWJGrehjbzMAjFp5/VKPp5tTpWIV4JHHZK1/BxbFRtf/siA2SWTe09caDmVtYYzWEIbBS4zw==",
      "requires": {
        "function-bind": "^1.1.1"
      }
    },
    "has-flag": {
      "version": "2.0.0",
      "resolved": "https://registry.npmjs.org/has-flag/-/has-flag-2.0.0.tgz",
      "integrity": "sha512-P+1n3MnwjR/Epg9BBo1KT8qbye2g2Ou4sFumihwt6I4tsUX7jnLcX4BTOSKg/B1ZrIYMN9FcEnG4x5a7NB8Eng==",
      "dev": true
    },
    "has-symbols": {
      "version": "1.0.3",
      "resolved": "https://registry.npmjs.org/has-symbols/-/has-symbols-1.0.3.tgz",
      "integrity": "sha512-l3LCuF6MgDNwTDKkdYGEihYjt5pRPbEg46rtlmnSPlUbgmB8LOIrKJbYYFBSbnPaJexMKtiPO8hmeRjRz2Td+A=="
    },
    "he": {
      "version": "1.1.1",
      "resolved": "https://registry.npmjs.org/he/-/he-1.1.1.tgz",
      "integrity": "sha512-z/GDPjlRMNOa2XJiB4em8wJpuuBfrFOlYKTZxtpkdr1uPdibHI8rYA3MY0KDObpVyaes0e/aunid/t88ZI2EKA==",
      "dev": true
    },
    "http-errors": {
      "version": "2.0.0",
      "resolved": "https://registry.npmjs.org/http-errors/-/http-errors-2.0.0.tgz",
      "integrity": "sha512-FtwrG/euBzaEjYeRqOgly7G0qviiXoJWnvEH2Z1plBdXgbyjv34pHTSb9zoeHMyDy33+DWy5Wt9Wo+TURtOYSQ==",
      "requires": {
        "depd": "2.0.0",
        "inherits": "2.0.4",
        "setprototypeof": "1.2.0",
        "statuses": "2.0.1",
        "toidentifier": "1.0.1"
      }
    },
    "iconv-lite": {
      "version": "0.4.24",
      "resolved": "https://registry.npmjs.org/iconv-lite/-/iconv-lite-0.4.24.tgz",
      "integrity": "sha512-v3MXnZAcvnywkTUEZomIActle7RXXeedOR31wwl7VlyoXO4Qi9arvSenNQWne1TcRwhCL1HwLI21bEqdpj8/rA==",
      "requires": {
        "safer-buffer": ">= 2.1.2 < 3"
      }
    },
    "inflight": {
      "version": "1.0.6",
      "resolved": "https://registry.npmjs.org/inflight/-/inflight-1.0.6.tgz",
      "integrity": "sha512-k92I/b08q4wvFscXCLvqfsHCrjrF7yiXsQuIVvVE7N82W3+aqpzuUdBbfhWcy/FZR3/4IgflMgKLOsvPDrGCJA==",
      "dev": true,
      "requires": {
        "once": "^1.3.0",
        "wrappy": "1"
      }
    },
    "inherits": {
      "version": "2.0.4",
      "resolved": "https://registry.npmjs.org/inherits/-/inherits-2.0.4.tgz",
      "integrity": "sha512-k/vGaX4/Yla3WzyMCvTQOXYeIHvqOKtnqBduzTHpzpQZzAskKMhZ2K+EnBiSM9zGSoIFeMpXKxa4dYeZIQqewQ=="
    },
    "ipaddr.js": {
      "version": "1.9.1",
      "resolved": "https://registry.npmjs.org/ipaddr.js/-/ipaddr.js-1.9.1.tgz",
      "integrity": "sha512-0KI/607xoxSToH7GjN1FfSbLoU0+btTicjsQSWQlh/hZykN8KpmMf7uYwPW3R+akZ6R/w18ZlXSHBYXiYUPO3g=="
    },
    "js2xmlparser": {
      "version": "4.0.2",
      "resolved": "https://registry.npmjs.org/js2xmlparser/-/js2xmlparser-4.0.2.tgz",
      "integrity": "sha512-6n4D8gLlLf1n5mNLQPRfViYzu9RATblzPEtm1SthMX1Pjao0r9YI9nw7ZIfRxQMERS87mcswrg+r/OYrPRX6jA==",
      "dev": true,
      "requires": {
        "xmlcreate": "^2.0.4"
      }
    },
    "jsdoc": {
      "version": "3.6.11",
      "resolved": "https://registry.npmjs.org/jsdoc/-/jsdoc-3.6.11.tgz",
      "integrity": "sha512-8UCU0TYeIYD9KeLzEcAu2q8N/mx9O3phAGl32nmHlE0LpaJL71mMkP4d+QE5zWfNt50qheHtOZ0qoxVrsX5TUg==",
      "dev": true,
      "requires": {
        "@babel/parser": "^7.9.4",
        "@types/markdown-it": "^12.2.3",
        "bluebird": "^3.7.2",
        "catharsis": "^0.9.0",
        "escape-string-regexp": "^2.0.0",
        "js2xmlparser": "^4.0.2",
        "klaw": "^3.0.0",
        "markdown-it": "^12.3.2",
        "markdown-it-anchor": "^8.4.1",
        "marked": "^4.0.10",
        "mkdirp": "^1.0.4",
        "requizzle": "^0.2.3",
        "strip-json-comments": "^3.1.0",
        "taffydb": "2.6.2",
        "underscore": "~1.13.2"
      },
      "dependencies": {
        "underscore": {
          "version": "1.13.6",
          "resolved": "https://registry.npmjs.org/underscore/-/underscore-1.13.6.tgz",
          "integrity": "sha512-+A5Sja4HP1M08MaXya7p5LvjuM7K6q/2EaC0+iovj/wOcMsTzMvDFbasi/oSapiwOlt252IqsKqPjCl7huKS0A==",
          "dev": true
        }
      }
    },
    "klaw": {
      "version": "3.0.0",
      "resolved": "https://registry.npmjs.org/klaw/-/klaw-3.0.0.tgz",
      "integrity": "sha512-0Fo5oir+O9jnXu5EefYbVK+mHMBeEVEy2cmctR1O1NECcCkPRreJKrS6Qt/j3KC2C148Dfo9i3pCmCMsdqGr0g==",
      "dev": true,
      "requires": {
        "graceful-fs": "^4.1.9"
      }
    },
    "linkify-it": {
      "version": "3.0.3",
      "resolved": "https://registry.npmjs.org/linkify-it/-/linkify-it-3.0.3.tgz",
      "integrity": "sha512-ynTsyrFSdE5oZ/O9GEf00kPngmOfVwazR5GKDq6EYfhlpFug3J2zybX56a2PRRpc9P+FuSoGNAwjlbDs9jJBPQ==",
      "dev": true,
      "requires": {
        "uc.micro": "^1.0.1"
      }
    },
    "lodash": {
      "version": "4.17.21",
      "resolved": "https://registry.npmjs.org/lodash/-/lodash-4.17.21.tgz",
      "integrity": "sha512-v2kDEe57lecTulaDIuNTPy3Ry4gLGJ6Z1O3vE1krgXZNrsQ+LFTGHVxVjcXPs17LhbZVGedAJv8XZ1tvj5FvSg==",
      "dev": true
    },
    "markdown-it": {
      "version": "12.3.2",
      "resolved": "https://registry.npmjs.org/markdown-it/-/markdown-it-12.3.2.tgz",
      "integrity": "sha512-TchMembfxfNVpHkbtriWltGWc+m3xszaRD0CZup7GFFhzIgQqxIfn3eGj1yZpfuflzPvfkt611B2Q/Bsk1YnGg==",
      "dev": true,
      "requires": {
        "argparse": "^2.0.1",
        "entities": "~2.1.0",
        "linkify-it": "^3.0.1",
        "mdurl": "^1.0.1",
        "uc.micro": "^1.0.5"
      }
    },
    "markdown-it-anchor": {
      "version": "8.6.5",
      "resolved": "https://registry.npmjs.org/markdown-it-anchor/-/markdown-it-anchor-8.6.5.tgz",
      "integrity": "sha512-PI1qEHHkTNWT+X6Ip9w+paonfIQ+QZP9sCeMYi47oqhH+EsW8CrJ8J7CzV19QVOj6il8ATGbK2nTECj22ZHGvQ==",
      "dev": true
    },
    "marked": {
      "version": "4.2.3",
      "resolved": "https://registry.npmjs.org/marked/-/marked-4.2.3.tgz",
      "integrity": "sha512-slWRdJkbTZ+PjkyJnE30Uid64eHwbwa1Q25INCAYfZlK4o6ylagBy/Le9eWntqJFoFT93ikUKMv47GZ4gTwHkw==",
      "dev": true
    },
    "mdurl": {
      "version": "1.0.1",
      "resolved": "https://registry.npmjs.org/mdurl/-/mdurl-1.0.1.tgz",
      "integrity": "sha512-/sKlQJCBYVY9Ers9hqzKou4H6V5UWc/M59TH2dvkt+84itfnq7uFOMLpOiOS4ujvHP4etln18fmIxA5R5fll0g==",
      "dev": true
    },
    "media-typer": {
      "version": "0.3.0",
      "resolved": "https://registry.npmjs.org/media-typer/-/media-typer-0.3.0.tgz",
      "integrity": "sha512-dq+qelQ9akHpcOl/gUVRTxVIOkAJ1wR3QAvb4RsVjS8oVoFjDGTc679wJYmUmknUF5HwMLOgb5O+a3KxfWapPQ=="
    },
    "merge-descriptors": {
      "version": "1.0.1",
      "resolved": "https://registry.npmjs.org/merge-descriptors/-/merge-descriptors-1.0.1.tgz",
      "integrity": "sha512-cCi6g3/Zr1iqQi6ySbseM1Xvooa98N0w31jzUYrXPX2xqObmFGHJ0tQ5u74H3mVh7wLouTseZyYIq39g8cNp1w=="
    },
    "methods": {
      "version": "1.1.2",
      "resolved": "https://registry.npmjs.org/methods/-/methods-1.1.2.tgz",
      "integrity": "sha512-iclAHeNqNm68zFtnZ0e+1L2yUIdvzNoauKU4WBA3VvH/vPFieF7qfRlwUZU+DA9P9bPXIS90ulxoUoCH23sV2w=="
    },
    "mime": {
      "version": "1.6.0",
      "resolved": "https://registry.npmjs.org/mime/-/mime-1.6.0.tgz",
      "integrity": "sha512-x0Vn8spI+wuJ1O6S7gnbaQg8Pxh4NNHb7KSINmEWKiPE4RKOplvijn+NkmYmmRgP68mc70j2EbeTFRsrswaQeg=="
    },
    "mime-db": {
      "version": "1.52.0",
      "resolved": "https://registry.npmjs.org/mime-db/-/mime-db-1.52.0.tgz",
      "integrity": "sha512-sPU4uV7dYlvtWJxwwxHD0PuihVNiE7TyAbQ5SWxDCB9mUYvOgroQOwYQQOKPJ8CIbE+1ETVlOoK1UC2nU3gYvg=="
    },
    "mime-types": {
      "version": "2.1.35",
      "resolved": "https://registry.npmjs.org/mime-types/-/mime-types-2.1.35.tgz",
      "integrity": "sha512-ZDY+bPm5zTTF+YpCrAU9nK0UgICYPT0QtT1NZWFv4s++TNkcgVaT0g6+4R2uI4MjQjzysHB1zxuWL50hzaeXiw==",
      "requires": {
        "mime-db": "1.52.0"
      }
    },
    "minimatch": {
      "version": "3.1.2",
      "resolved": "https://registry.npmjs.org/minimatch/-/minimatch-3.1.2.tgz",
      "integrity": "sha512-J7p63hRiAjw1NDEww1W7i37+ByIrOWO5XQQAzZ3VOcL0PNybwpfmV/N05zFAzwQ9USyEcX6t3UO+K5aqBQOIHw==",
      "dev": true,
      "requires": {
        "brace-expansion": "^1.1.7"
      }
    },
    "minimist": {
      "version": "0.0.8",
      "resolved": "https://registry.npmjs.org/minimist/-/minimist-0.0.8.tgz",
      "integrity": "sha512-miQKw5Hv4NS1Psg2517mV4e4dYNaO3++hjAvLOAzKqZ61rH8NS1SK+vbfBWZ5PY/Me/bEWhUwqMghEW5Fb9T7Q==",
      "dev": true
    },
    "mkdirp": {
      "version": "1.0.4",
      "resolved": "https://registry.npmjs.org/mkdirp/-/mkdirp-1.0.4.tgz",
      "integrity": "sha512-vVqVZQyf3WLx2Shd0qJ9xuvqgAyKPLAiqITEtqW0oIUjzo3PePDd6fW9iFz30ef7Ysp/oiWqbhszeGWW2T6Gzw==",
      "dev": true
    },
    "mocha": {
      "version": "4.1.0",
      "resolved": "https://registry.npmjs.org/mocha/-/mocha-4.1.0.tgz",
      "integrity": "sha512-0RVnjg1HJsXY2YFDoTNzcc1NKhYuXKRrBAG2gDygmJJA136Cs2QlRliZG1mA0ap7cuaT30mw16luAeln+4RiNA==",
      "dev": true,
      "requires": {
        "browser-stdout": "1.3.0",
        "commander": "2.11.0",
        "debug": "3.1.0",
        "diff": "3.3.1",
        "escape-string-regexp": "1.0.5",
        "glob": "7.1.2",
        "growl": "1.10.3",
        "he": "1.1.1",
        "mkdirp": "0.5.1",
        "supports-color": "4.4.0"
      },
      "dependencies": {
        "debug": {
          "version": "3.1.0",
          "resolved": "https://registry.npmjs.org/debug/-/debug-3.1.0.tgz",
          "integrity": "sha512-OX8XqP7/1a9cqkxYw2yXss15f26NKWBpDXQd0/uK/KPqdQhxbPa994hnzjcE2VqQpDslf55723cKPUOGSmMY3g==",
          "dev": true,
          "requires": {
            "ms": "2.0.0"
          }
        },
        "escape-string-regexp": {
          "version": "1.0.5",
          "resolved": "https://registry.npmjs.org/escape-string-regexp/-/escape-string-regexp-1.0.5.tgz",
          "integrity": "sha512-vbRorB5FUQWvla16U8R/qgaFIya2qGzwDrNmCZuYKrbdSUMG6I1ZCGQRefkRVhuOkIGVne7BQ35DSfo1qvJqFg==",
          "dev": true
        },
        "mkdirp": {
          "version": "0.5.1",
          "resolved": "https://registry.npmjs.org/mkdirp/-/mkdirp-0.5.1.tgz",
          "integrity": "sha512-SknJC52obPfGQPnjIkXbmA6+5H15E+fR+E4iR2oQ3zzCLbd7/ONua69R/Gw7AgkTLsRG+r5fzksYwWe1AgTyWA==",
          "dev": true,
          "requires": {
            "minimist": "0.0.8"
          }
        }
      }
    },
    "ms": {
      "version": "2.0.0",
      "resolved": "https://registry.npmjs.org/ms/-/ms-2.0.0.tgz",
      "integrity": "sha512-Tpp60P6IUJDTuOq/5Z8cdskzJujfwqfOTkrwIwj7IRISpnkJnT6SyJ4PCPnGMoFjC9ddhal5KVIYtAt97ix05A=="
    },
    "negotiator": {
      "version": "0.6.3",
      "resolved": "https://registry.npmjs.org/negotiator/-/negotiator-0.6.3.tgz",
      "integrity": "sha512-+EUsqGPLsM+j/zdChZjsnX51g4XrHFOIXwfnCVPGlQk/k5giakcKsuxCObBRu6DSm9opw/O6slWbJdghQM4bBg=="
    },
    "object-inspect": {
      "version": "1.12.2",
      "resolved": "https://registry.npmjs.org/object-inspect/-/object-inspect-1.12.2.tgz",
      "integrity": "sha512-z+cPxW0QGUp0mcqcsgQyLVRDoXFQbXOwBaqyF7VIgI4TWNQsDHrBpUQslRmIfAoYWdYzs6UlKJtB2XJpTaNSpQ=="
    },
    "on-finished": {
      "version": "2.4.1",
      "resolved": "https://registry.npmjs.org/on-finished/-/on-finished-2.4.1.tgz",
      "integrity": "sha512-oVlzkg3ENAhCk2zdv7IJwd/QUD4z2RxRwpkcGY8psCVcCYZNq4wYnVWALHM+brtuJjePWiYF/ClmuDr8Ch5+kg==",
      "requires": {
        "ee-first": "1.1.1"
      }
    },
    "once": {
      "version": "1.4.0",
      "resolved": "https://registry.npmjs.org/once/-/once-1.4.0.tgz",
      "integrity": "sha512-lNaJgI+2Q5URQBkccEKHTQOPaXdUxnZZElQTZY0MFUAuaEqe1E+Nyvgdz/aIyNi6Z9MzO5dv1H8n58/GELp3+w==",
      "dev": true,
      "requires": {
        "wrappy": "1"
      }
    },
    "parseurl": {
      "version": "1.3.3",
      "resolved": "https://registry.npmjs.org/parseurl/-/parseurl-1.3.3.tgz",
      "integrity": "sha512-CiyeOxFT/JZyN5m0z9PfXw4SCBJ6Sygz1Dpl0wqjlhDEGGBP1GnsUVEL0p63hoG1fcj3fHynXi9NYO4nWOL+qQ=="
    },
    "path-is-absolute": {
      "version": "1.0.1",
      "resolved": "https://registry.npmjs.org/path-is-absolute/-/path-is-absolute-1.0.1.tgz",
      "integrity": "sha512-AVbw3UJ2e9bq64vSaS9Am0fje1Pa8pbGqTTsmXfaIiMpnr5DlDhfJOuLj9Sf95ZPVDAUerDfEk88MPmPe7UCQg==",
      "dev": true
    },
    "path-to-regexp": {
      "version": "0.1.7",
      "resolved": "https://registry.npmjs.org/path-to-regexp/-/path-to-regexp-0.1.7.tgz",
      "integrity": "sha512-5DFkuoqlv1uYQKxy8omFBeJPQcdoE07Kv2sferDCrAq1ohOU+MSDswDIbnx3YAM60qIOnYa53wBhXW0EbMonrQ=="
    },
    "proxy-addr": {
      "version": "2.0.7",
      "resolved": "https://registry.npmjs.org/proxy-addr/-/proxy-addr-2.0.7.tgz",
      "integrity": "sha512-llQsMLSUDUPT44jdrU/O37qlnifitDP+ZwrmmZcoSKyLKvtZxpyV0n2/bD/N4tBAAZ/gJEdZU7KMraoK1+XYAg==",
      "requires": {
        "forwarded": "0.2.0",
        "ipaddr.js": "1.9.1"
      }
    },
    "qs": {
      "version": "6.11.0",
      "resolved": "https://registry.npmjs.org/qs/-/qs-6.11.0.tgz",
      "integrity": "sha512-MvjoMCJwEarSbUYk5O+nmoSzSutSsTwF85zcHPQ9OrlFoZOYIjaqBAJIqIXjptyD5vThxGq52Xu/MaJzRkIk4Q==",
      "requires": {
        "side-channel": "^1.0.4"
      }
    },
    "range-parser": {
      "version": "1.2.1",
      "resolved": "https://registry.npmjs.org/range-parser/-/range-parser-1.2.1.tgz",
      "integrity": "sha512-Hrgsx+orqoygnmhFbKaHE6c296J+HTAQXoxEF6gNupROmmGJRoyzfG3ccAveqCBrwr/2yxQ5BVd/GTl5agOwSg=="
    },
    "raw-body": {
      "version": "2.5.1",
      "resolved": "https://registry.npmjs.org/raw-body/-/raw-body-2.5.1.tgz",
      "integrity": "sha512-qqJBtEyVgS0ZmPGdCFPWJ3FreoqvG4MVQln/kCgF7Olq95IbOp0/BWyMwbdtn4VTvkM8Y7khCQ2Xgk/tcrCXig==",
      "requires": {
        "bytes": "3.1.2",
        "http-errors": "2.0.0",
        "iconv-lite": "0.4.24",
        "unpipe": "1.0.0"
      }
    },
    "requizzle": {
      "version": "0.2.4",
      "resolved": "https://registry.npmjs.org/requizzle/-/requizzle-0.2.4.tgz",
      "integrity": "sha512-JRrFk1D4OQ4SqovXOgdav+K8EAhSB/LJZqCz8tbX0KObcdeM15Ss59ozWMBWmmINMagCwmqn4ZNryUGpBsl6Jw==",
      "dev": true,
      "requires": {
        "lodash": "^4.17.21"
      }
    },
    "safe-buffer": {
      "version": "5.2.1",
      "resolved": "https://registry.npmjs.org/safe-buffer/-/safe-buffer-5.2.1.tgz",
      "integrity": "sha512-rp3So07KcdmmKbGvgaNxQSJr7bGVSVk5S9Eq1F+ppbRo70+YeaDxkw5Dd8NPN+GD6bjnYm2VuPuCXmpuYvmCXQ=="
    },
    "safer-buffer": {
      "version": "2.1.2",
      "resolved": "https://registry.npmjs.org/safer-buffer/-/safer-buffer-2.1.2.tgz",
      "integrity": "sha512-YZo3K82SD7Riyi0E1EQPojLz7kpepnSQI9IyPbHHg1XXXevb5dJI7tpyN2ADxGcQbHG7vcyRHk0cbwqcQriUtg=="
    },
    "send": {
      "version": "0.18.0",
      "resolved": "https://registry.npmjs.org/send/-/send-0.18.0.tgz",
      "integrity": "sha512-qqWzuOjSFOuqPjFe4NOsMLafToQQwBSOEpS+FwEt3A2V3vKubTquT3vmLTQpFgMXp8AlFWFuP1qKaJZOtPpVXg==",
      "requires": {
        "debug": "2.6.9",
        "depd": "2.0.0",
        "destroy": "1.2.0",
        "encodeurl": "~1.0.2",
        "escape-html": "~1.0.3",
        "etag": "~1.8.1",
        "fresh": "0.5.2",
        "http-errors": "2.0.0",
        "mime": "1.6.0",
        "ms": "2.1.3",
        "on-finished": "2.4.1",
        "range-parser": "~1.2.1",
        "statuses": "2.0.1"
      },
      "dependencies": {
        "ms": {
          "version": "2.1.3",
          "resolved": "https://registry.npmjs.org/ms/-/ms-2.1.3.tgz",
          "integrity": "sha512-6FlzubTLZG3J2a/NVCAleEhjzq5oxgHyaCU9yYXvcLsvoVaHJq/s5xXI6/XXP6tz7R9xAOtHnSO/tXtF3WRTlA=="
        }
      }
    },
    "serve-static": {
      "version": "1.15.0",
      "resolved": "https://registry.npmjs.org/serve-static/-/serve-static-1.15.0.tgz",
      "integrity": "sha512-XGuRDNjXUijsUL0vl6nSD7cwURuzEgglbOaFuZM9g3kwDXOWVTck0jLzjPzGD+TazWbboZYu52/9/XPdUgne9g==",
      "requires": {
        "encodeurl": "~1.0.2",
        "escape-html": "~1.0.3",
        "parseurl": "~1.3.3",
        "send": "0.18.0"
      }
    },
    "setprototypeof": {
      "version": "1.2.0",
      "resolved": "https://registry.npmjs.org/setprototypeof/-/setprototypeof-1.2.0.tgz",
      "integrity": "sha512-E5LDX7Wrp85Kil5bhZv46j8jOeboKq5JMmYM3gVGdGH8xFpPWXUMsNrlODCrkoxMEeNi/XZIwuRvY4XNwYMJpw=="
    },
    "side-channel": {
      "version": "1.0.4",
      "resolved": "https://registry.npmjs.org/side-channel/-/side-channel-1.0.4.tgz",
      "integrity": "sha512-q5XPytqFEIKHkGdiMIrY10mvLRvnQh42/+GoBlFW3b2LXLE2xxJpZFdm94we0BaoV3RwJyGqg5wS7epxTv0Zvw==",
      "requires": {
        "call-bind": "^1.0.0",
        "get-intrinsic": "^1.0.2",
        "object-inspect": "^1.9.0"
      }
    },
    "statuses": {
      "version": "2.0.1",
      "resolved": "https://registry.npmjs.org/statuses/-/statuses-2.0.1.tgz",
      "integrity": "sha512-RwNA9Z/7PrK06rYLIzFMlaF+l73iwpzsqRIFgbMLbTcLD6cOao82TaWefPXQvB2fOC4AjuYSEndS7N/mTCbkdQ=="
    },
    "strip-json-comments": {
      "version": "3.1.1",
      "resolved": "https://registry.npmjs.org/strip-json-comments/-/strip-json-comments-3.1.1.tgz",
      "integrity": "sha512-6fPc+R4ihwqP6N/aIv2f1gMH8lOVtWQHoqC4yK6oSDVVocumAsfCqjkXnqiYMhmMwS/mEHLp7Vehlt3ql6lEig==",
      "dev": true
    },
    "supports-color": {
      "version": "4.4.0",
      "resolved": "https://registry.npmjs.org/supports-color/-/supports-color-4.4.0.tgz",
      "integrity": "sha512-rKC3+DyXWgK0ZLKwmRsrkyHVZAjNkfzeehuFWdGGcqGDTZFH73+RH6S/RDAAxl9GusSjZSUWYLmT9N5pzXFOXQ==",
      "dev": true,
      "requires": {
        "has-flag": "^2.0.0"
      }
    },
    "taffydb": {
      "version": "2.6.2",
      "resolved": "https://registry.npmjs.org/taffydb/-/taffydb-2.6.2.tgz",
      "integrity": "sha512-y3JaeRSplks6NYQuCOj3ZFMO3j60rTwbuKCvZxsAraGYH2epusatvZ0baZYA01WsGqJBq/Dl6vOrMUJqyMj8kA==",
      "dev": true
    },
    "toidentifier": {
      "version": "1.0.1",
      "resolved": "https://registry.npmjs.org/toidentifier/-/toidentifier-1.0.1.tgz",
      "integrity": "sha512-o5sSPKEkg/DIQNmH43V0/uerLrpzVedkUh8tGNvaeXpfpuwjKenlSox/2O/BTlZUtEe+JG7s5YhEz608PlAHRA=="
    },
    "tstl": {
      "version": "1.5.9",
      "resolved": "https://registry.npmjs.org/tstl/-/tstl-1.5.9.tgz",
      "integrity": "sha1-HGl4beFXjgU0ep6JUz2JFjyi12A="
    },
    "type-is": {
      "version": "1.6.18",
      "resolved": "https://registry.npmjs.org/type-is/-/type-is-1.6.18.tgz",
      "integrity": "sha512-TkRKr9sUTxEH8MdfuCSP7VizJyzRNMjj2J2do2Jr3Kym598JVdEksuzPQCnlFPW4ky9Q+iA+ma9BGm06XQBy8g==",
      "requires": {
        "media-typer": "0.3.0",
        "mime-types": "~2.1.24"
      }
    },
    "uc.micro": {
      "version": "1.0.6",
      "resolved": "https://registry.npmjs.org/uc.micro/-/uc.micro-1.0.6.tgz",
      "integrity": "sha512-8Y75pvTYkLJW2hWQHXxoqRgV7qb9B+9vFEtidML+7koHUFapnVJAZ6cKs+Qjz5Aw3aZWHMC6u0wJE3At+nSGwA==",
      "dev": true
    },
    "underscore": {
      "version": "1.8.3",
      "resolved": "https://registry.npmjs.org/underscore/-/underscore-1.8.3.tgz",
      "integrity": "sha1-Tz+1OxBuYJf8+ctBCfKl6b36UCI="
    },
    "unpipe": {
      "version": "1.0.0",
      "resolved": "https://registry.npmjs.org/unpipe/-/unpipe-1.0.0.tgz",
      "integrity": "sha512-pjy2bYhSsufwWlKwPc+l3cN7+wuJlK6uz0YdJEOlQDbl6jo/YlPi4mb8agUkVC8BF7V8NuzeyPNqRksA3hztKQ=="
    },
    "utils-merge": {
      "version": "1.0.1",
      "resolved": "https://registry.npmjs.org/utils-merge/-/utils-merge-1.0.1.tgz",
      "integrity": "sha512-pMZTvIkT1d+TFGvDOqodOclx0QWkkgi6Tdoa8gC8ffGAAqz9pzPTZWAybbsHHoED/ztMtkv/VoYTYyShUn81hA=="
    },
    "vary": {
      "version": "1.1.2",
      "resolved": "https://registry.npmjs.org/vary/-/vary-1.1.2.tgz",
      "integrity": "sha512-BNGbWLfd0eUPabhkXUVm0j8uuvREyTh5ovRa/dyow/BqAbZJyC+5fU+IzQOzmAKzYqYRAISoRhdQr3eIZ/PXqg=="
    },
    "weak-map": {
      "version": "1.0.5",
      "resolved": "https://registry.npmjs.org/weak-map/-/weak-map-1.0.5.tgz",
      "integrity": "sha1-eWkVhNmGB/UHC9O3CkDmuyLkAes="
    },
    "wrappy": {
      "version": "1.0.2",
      "resolved": "https://registry.npmjs.org/wrappy/-/wrappy-1.0.2.tgz",
      "integrity": "sha512-l4Sp/DRseor9wL6EvV2+TuQn63dMkPjZ/sp9XkghTEbV9KlPS1xUsZ3u7/IQO4wxtcFB4bgpQPRcR3QCvezPcQ==",
      "dev": true
    },
    "xmlcreate": {
      "version": "2.0.4",
      "resolved": "https://registry.npmjs.org/xmlcreate/-/xmlcreate-2.0.4.tgz",
      "integrity": "sha512-nquOebG4sngPmGPICTS5EnxqhKbCmz5Ox5hsszI2T6U5qdrJizBc+0ilYSEjTSzU0yZcmvppztXe/5Al5fUwdg==",
      "dev": true
    }
  }
}
